
Microsoft Visual Studio Solution File, Format Version 12.00
# Visual Studio 14
VisualStudioVersion = 14.0.25420.1
MinimumVisualStudioVersion = 10.0.40219.1
Project("{8BC9CEB8-8B4A-11D0-8D11-00A0C91BC942}") = "App_ExampleBrowser", "App_ExampleBrowser.vcxproj", "{8F06F5AE-882F-F749-899A-F06B9750867C}"
	ProjectSection(ProjectDependencies) = postProject
		{1F19C79C-CB52-B74F-814A-03D5C1CC48E3} = {1F19C79C-CB52-B74F-814A-03D5C1CC48E3}
		{7EE0C83A-09D2-3E4E-BB53-6535DD5A9084} = {7EE0C83A-09D2-3E4E-BB53-6535DD5A9084}
		{EE686007-C8EE-6C44-986C-20A0D1C8AEC1} = {EE686007-C8EE-6C44-986C-20A0D1C8AEC1}
		{5C27CCCD-2F86-9244-AB43-FD6BE2470BBB} = {5C27CCCD-2F86-9244-AB43-FD6BE2470BBB}
		{D5610445-0F93-514E-9EDD-1A8087805458} = {D5610445-0F93-514E-9EDD-1A8087805458}
		{BA3BAB8C-BA3D-7240-B810-138D54051B7F} = {BA3BAB8C-BA3D-7240-B810-138D54051B7F}
		{6E00D688-62F2-7F43-A02C-439F96E5C797} = {6E00D688-62F2-7F43-A02C-439F96E5C797}
		{3B7EDEC2-7746-6C46-A0A6-507A515263B9} = {3B7EDEC2-7746-6C46-A0A6-507A515263B9}
		{1F0858E1-3532-5846-BB5B-C09F683B6C1F} = {1F0858E1-3532-5846-BB5B-C09F683B6C1F}
		{2F4CDCE5-DEEE-9F4A-9C36-67D513A4C6F0} = {2F4CDCE5-DEEE-9F4A-9C36-67D513A4C6F0}
		{5875B648-7F74-0448-BD4D-6B178004288F} = {5875B648-7F74-0448-BD4D-6B178004288F}
	EndProjectSection
EndProject
Project("{8BC9CEB8-8B4A-11D0-8D11-00A0C91BC942}") = "OpenGL_Window", "OpenGL_Window.vcxproj", "{7EE0C83A-09D2-3E4E-BB53-6535DD5A9084}"
EndProject
Project("{8BC9CEB8-8B4A-11D0-8D11-00A0C91BC942}") = "gwen", "gwen.vcxproj", "{1F19C79C-CB52-B74F-814A-03D5C1CC48E3}"
EndProject
Project("{8BC9CEB8-8B4A-11D0-8D11-00A0C91BC942}") = "App_HelloWorld", "App_HelloWorld.vcxproj", "{5C0B3FFB-F0A9-1E4A-816B-EEFBCDD74893}"
	ProjectSection(ProjectDependencies) = postProject
		{5C27CCCD-2F86-9244-AB43-FD6BE2470BBB} = {5C27CCCD-2F86-9244-AB43-FD6BE2470BBB}
		{D5610445-0F93-514E-9EDD-1A8087805458} = {D5610445-0F93-514E-9EDD-1A8087805458}
		{BA3BAB8C-BA3D-7240-B810-138D54051B7F} = {BA3BAB8C-BA3D-7240-B810-138D54051B7F}
	EndProjectSection
EndProject
Project("{8BC9CEB8-8B4A-11D0-8D11-00A0C91BC942}") = "App_BasicExample", "App_BasicExample.vcxproj", "{C320C28D-F8D3-4F4D-AFEC-7F2385BD6351}"
	ProjectSection(ProjectDependencies) = postProject
		{5C27CCCD-2F86-9244-AB43-FD6BE2470BBB} = {5C27CCCD-2F86-9244-AB43-FD6BE2470BBB}
		{D5610445-0F93-514E-9EDD-1A8087805458} = {D5610445-0F93-514E-9EDD-1A8087805458}
		{BA3BAB8C-BA3D-7240-B810-138D54051B7F} = {BA3BAB8C-BA3D-7240-B810-138D54051B7F}
	EndProjectSection
EndProject
Project("{8BC9CEB8-8B4A-11D0-8D11-00A0C91BC942}") = "gtest", "gtest.vcxproj", "{289BB247-3CF3-5248-93D4-BBFDA1203B41}"
EndProject
Project("{8BC9CEB8-8B4A-11D0-8D11-00A0C91BC942}") = "test_bullet_collision", "test_bullet_collision.vcxproj", "{BE5DA31D-EE76-A946-8D39-EDCA4ACD5B5C}"
	ProjectSection(ProjectDependencies) = postProject
		{BA3BAB8C-BA3D-7240-B810-138D54051B7F} = {BA3BAB8C-BA3D-7240-B810-138D54051B7F}
		{289BB247-3CF3-5248-93D4-BBFDA1203B41} = {289BB247-3CF3-5248-93D4-BBFDA1203B41}
	EndProjectSection
EndProject
Project("{8BC9CEB8-8B4A-11D0-8D11-00A0C91BC942}") = "Test_OpenCL_Bullet3", "Test_OpenCL_Bullet3.vcxproj", "{1270AECB-B44A-9441-BCE8-ADFC8F0F925E}"
	ProjectSection(ProjectDependencies) = postProject
		{289BB247-3CF3-5248-93D4-BBFDA1203B41} = {289BB247-3CF3-5248-93D4-BBFDA1203B41}
		{3B7EDEC2-7746-6C46-A0A6-507A515263B9} = {3B7EDEC2-7746-6C46-A0A6-507A515263B9}
		{6E00D688-62F2-7F43-A02C-439F96E5C797} = {6E00D688-62F2-7F43-A02C-439F96E5C797}
	EndProjectSection
EndProject
Project("{8BC9CEB8-8B4A-11D0-8D11-00A0C91BC942}") = "Test_Gwen_OpenGL", "Test_Gwen_OpenGL.vcxproj", "{022145FC-3096-6B4F-B95A-6D490E0A3EAD}"
	ProjectSection(ProjectDependencies) = postProject
		{1F19C79C-CB52-B74F-814A-03D5C1CC48E3} = {1F19C79C-CB52-B74F-814A-03D5C1CC48E3}
	EndProjectSection
EndProject
Project("{8BC9CEB8-8B4A-11D0-8D11-00A0C91BC942}") = "BulletSoftBody", "BulletSoftBody.vcxproj", "{EE686007-C8EE-6C44-986C-20A0D1C8AEC1}"
EndProject
Project("{8BC9CEB8-8B4A-11D0-8D11-00A0C91BC942}") = "BulletDynamics", "BulletDynamics.vcxproj", "{5C27CCCD-2F86-9244-AB43-FD6BE2470BBB}"
EndProject
Project("{8BC9CEB8-8B4A-11D0-8D11-00A0C91BC942}") = "BulletCollision", "BulletCollision.vcxproj", "{D5610445-0F93-514E-9EDD-1A8087805458}"
EndProject
Project("{8BC9CEB8-8B4A-11D0-8D11-00A0C91BC942}") = "LinearMath", "LinearMath.vcxproj", "{BA3BAB8C-BA3D-7240-B810-138D54051B7F}"
EndProject
Project("{8BC9CEB8-8B4A-11D0-8D11-00A0C91BC942}") = "Bullet3Common", "Bullet3Common.vcxproj", "{6E00D688-62F2-7F43-A02C-439F96E5C797}"
EndProject
Project("{8BC9CEB8-8B4A-11D0-8D11-00A0C91BC942}") = "Bullet3Geometry", "Bullet3Geometry.vcxproj", "{5875B648-7F74-0448-BD4D-6B178004288F}"
EndProject
Project("{8BC9CEB8-8B4A-11D0-8D11-00A0C91BC942}") = "Bullet3Collision", "Bullet3Collision.vcxproj", "{2F4CDCE5-DEEE-9F4A-9C36-67D513A4C6F0}"
EndProject
Project("{8BC9CEB8-8B4A-11D0-8D11-00A0C91BC942}") = "Bullet3Dynamics", "Bullet3Dynamics.vcxproj", "{1F0858E1-3532-5846-BB5B-C09F683B6C1F}"
EndProject
Project("{8BC9CEB8-8B4A-11D0-8D11-00A0C91BC942}") = "Bullet3OpenCL_clew", "Bullet3OpenCL_clew.vcxproj", "{3B7EDEC2-7746-6C46-A0A6-507A515263B9}"
EndProject
Project("{8BC9CEB8-8B4A-11D0-8D11-00A0C91BC942}") = "Bullet2FileLoader", "Bullet2FileLoader.vcxproj", "{DF52BE91-8B48-9E46-B834-5B7476AF3DE9}"
EndProject
Project("{8BC9CEB8-8B4A-11D0-8D11-00A0C91BC942}") = "VHACD", "..\..\VHACD\VHACD\VHACD.vcxproj", "{16A13289-C208-4CD7-A27E-ECDBC95298C8}"
EndProject
Project("{8BC9CEB8-8B4A-11D0-8D11-00A0C91BC942}") = "InhousePGSSOlver", "InhousePGSSOlver\InhousePGSSOlver.vcxproj", "{4CA0B899-823F-4E12-94AF-16587E29794B}"
EndProject
Project("{8BC9CEB8-8B4A-11D0-8D11-00A0C91BC942}") = "DynamicDestrutionLab", "..\..\DynamicDestructionLab\DynamicDestrutionLab\DynamicDestrutionLab.vcxproj", "{330EF1A9-2EDD-4B7B-9CC2-D4649C06CD07}"
EndProject
Project("{8BC9CEB8-8B4A-11D0-8D11-00A0C91BC942}") = "GJK", "GJK\GJK.vcxproj", "{F980DB0A-731F-4D09-B0AD-4278A7DBE3B4}"
EndProject
Project("{8BC9CEB8-8B4A-11D0-8D11-00A0C91BC942}") = "Tests", "Tests\Tests.vcxproj", "{639ADFA7-096C-42D8-875D-F294B74EAA2F}"
EndProject
Global
	GlobalSection(SolutionConfigurationPlatforms) = preSolution
		Debug|ARM = Debug|ARM
		Debug|Win32 = Debug|Win32
		Debug|x64 = Debug|x64
		Release|ARM = Release|ARM
		Release|Win32 = Release|Win32
		Release|x64 = Release|x64
	EndGlobalSection
	GlobalSection(ProjectConfigurationPlatforms) = postSolution
		{8F06F5AE-882F-F749-899A-F06B9750867C}.Debug|ARM.ActiveCfg = Debug|Win32
		{8F06F5AE-882F-F749-899A-F06B9750867C}.Debug|Win32.ActiveCfg = Debug|Win32
		{8F06F5AE-882F-F749-899A-F06B9750867C}.Debug|Win32.Build.0 = Debug|Win32
		{8F06F5AE-882F-F749-899A-F06B9750867C}.Debug|x64.ActiveCfg = Debug|x64
		{8F06F5AE-882F-F749-899A-F06B9750867C}.Debug|x64.Build.0 = Debug|x64
		{8F06F5AE-882F-F749-899A-F06B9750867C}.Release|ARM.ActiveCfg = Release|Win32
		{8F06F5AE-882F-F749-899A-F06B9750867C}.Release|Win32.ActiveCfg = Release|Win32
		{8F06F5AE-882F-F749-899A-F06B9750867C}.Release|Win32.Build.0 = Release|Win32
		{8F06F5AE-882F-F749-899A-F06B9750867C}.Release|x64.ActiveCfg = Release|x64
		{8F06F5AE-882F-F749-899A-F06B9750867C}.Release|x64.Build.0 = Release|x64
		{7EE0C83A-09D2-3E4E-BB53-6535DD5A9084}.Debug|ARM.ActiveCfg = Debug|Win32
		{7EE0C83A-09D2-3E4E-BB53-6535DD5A9084}.Debug|Win32.ActiveCfg = Debug|Win32
		{7EE0C83A-09D2-3E4E-BB53-6535DD5A9084}.Debug|Win32.Build.0 = Debug|Win32
		{7EE0C83A-09D2-3E4E-BB53-6535DD5A9084}.Debug|x64.ActiveCfg = Debug|x64
		{7EE0C83A-09D2-3E4E-BB53-6535DD5A9084}.Debug|x64.Build.0 = Debug|x64
		{7EE0C83A-09D2-3E4E-BB53-6535DD5A9084}.Release|ARM.ActiveCfg = Release|Win32
		{7EE0C83A-09D2-3E4E-BB53-6535DD5A9084}.Release|Win32.ActiveCfg = Release|Win32
		{7EE0C83A-09D2-3E4E-BB53-6535DD5A9084}.Release|Win32.Build.0 = Release|Win32
		{7EE0C83A-09D2-3E4E-BB53-6535DD5A9084}.Release|x64.ActiveCfg = Release|x64
		{7EE0C83A-09D2-3E4E-BB53-6535DD5A9084}.Release|x64.Build.0 = Release|x64
		{1F19C79C-CB52-B74F-814A-03D5C1CC48E3}.Debug|ARM.ActiveCfg = Debug|Win32
		{1F19C79C-CB52-B74F-814A-03D5C1CC48E3}.Debug|Win32.ActiveCfg = Debug|Win32
		{1F19C79C-CB52-B74F-814A-03D5C1CC48E3}.Debug|Win32.Build.0 = Debug|Win32
		{1F19C79C-CB52-B74F-814A-03D5C1CC48E3}.Debug|x64.ActiveCfg = Debug|x64
		{1F19C79C-CB52-B74F-814A-03D5C1CC48E3}.Debug|x64.Build.0 = Debug|x64
		{1F19C79C-CB52-B74F-814A-03D5C1CC48E3}.Release|ARM.ActiveCfg = Release|Win32
		{1F19C79C-CB52-B74F-814A-03D5C1CC48E3}.Release|Win32.ActiveCfg = Release|Win32
		{1F19C79C-CB52-B74F-814A-03D5C1CC48E3}.Release|Win32.Build.0 = Release|Win32
		{1F19C79C-CB52-B74F-814A-03D5C1CC48E3}.Release|x64.ActiveCfg = Release|x64
		{1F19C79C-CB52-B74F-814A-03D5C1CC48E3}.Release|x64.Build.0 = Release|x64
		{5C0B3FFB-F0A9-1E4A-816B-EEFBCDD74893}.Debug|ARM.ActiveCfg = Debug|Win32
		{5C0B3FFB-F0A9-1E4A-816B-EEFBCDD74893}.Debug|Win32.ActiveCfg = Debug|Win32
		{5C0B3FFB-F0A9-1E4A-816B-EEFBCDD74893}.Debug|Win32.Build.0 = Debug|Win32
		{5C0B3FFB-F0A9-1E4A-816B-EEFBCDD74893}.Debug|x64.ActiveCfg = Debug|x64
		{5C0B3FFB-F0A9-1E4A-816B-EEFBCDD74893}.Debug|x64.Build.0 = Debug|x64
		{5C0B3FFB-F0A9-1E4A-816B-EEFBCDD74893}.Release|ARM.ActiveCfg = Release|Win32
		{5C0B3FFB-F0A9-1E4A-816B-EEFBCDD74893}.Release|Win32.ActiveCfg = Release|Win32
		{5C0B3FFB-F0A9-1E4A-816B-EEFBCDD74893}.Release|Win32.Build.0 = Release|Win32
		{5C0B3FFB-F0A9-1E4A-816B-EEFBCDD74893}.Release|x64.ActiveCfg = Release|x64
		{5C0B3FFB-F0A9-1E4A-816B-EEFBCDD74893}.Release|x64.Build.0 = Release|x64
		{C320C28D-F8D3-4F4D-AFEC-7F2385BD6351}.Debug|ARM.ActiveCfg = Debug|Win32
		{C320C28D-F8D3-4F4D-AFEC-7F2385BD6351}.Debug|Win32.ActiveCfg = Debug|Win32
		{C320C28D-F8D3-4F4D-AFEC-7F2385BD6351}.Debug|Win32.Build.0 = Debug|Win32
		{C320C28D-F8D3-4F4D-AFEC-7F2385BD6351}.Debug|x64.ActiveCfg = Debug|x64
		{C320C28D-F8D3-4F4D-AFEC-7F2385BD6351}.Debug|x64.Build.0 = Debug|x64
		{C320C28D-F8D3-4F4D-AFEC-7F2385BD6351}.Release|ARM.ActiveCfg = Release|Win32
		{C320C28D-F8D3-4F4D-AFEC-7F2385BD6351}.Release|Win32.ActiveCfg = Release|Win32
		{C320C28D-F8D3-4F4D-AFEC-7F2385BD6351}.Release|Win32.Build.0 = Release|Win32
		{C320C28D-F8D3-4F4D-AFEC-7F2385BD6351}.Release|x64.ActiveCfg = Release|x64
		{C320C28D-F8D3-4F4D-AFEC-7F2385BD6351}.Release|x64.Build.0 = Release|x64
		{289BB247-3CF3-5248-93D4-BBFDA1203B41}.Debug|ARM.ActiveCfg = Debug|Win32
		{289BB247-3CF3-5248-93D4-BBFDA1203B41}.Debug|Win32.ActiveCfg = Debug|Win32
		{289BB247-3CF3-5248-93D4-BBFDA1203B41}.Debug|Win32.Build.0 = Debug|Win32
		{289BB247-3CF3-5248-93D4-BBFDA1203B41}.Debug|x64.ActiveCfg = Debug|x64
		{289BB247-3CF3-5248-93D4-BBFDA1203B41}.Debug|x64.Build.0 = Debug|x64
		{289BB247-3CF3-5248-93D4-BBFDA1203B41}.Release|ARM.ActiveCfg = Release|Win32
		{289BB247-3CF3-5248-93D4-BBFDA1203B41}.Release|Win32.ActiveCfg = Release|Win32
		{289BB247-3CF3-5248-93D4-BBFDA1203B41}.Release|Win32.Build.0 = Release|Win32
		{289BB247-3CF3-5248-93D4-BBFDA1203B41}.Release|x64.ActiveCfg = Release|x64
		{289BB247-3CF3-5248-93D4-BBFDA1203B41}.Release|x64.Build.0 = Release|x64
		{BE5DA31D-EE76-A946-8D39-EDCA4ACD5B5C}.Debug|ARM.ActiveCfg = Debug|Win32
		{BE5DA31D-EE76-A946-8D39-EDCA4ACD5B5C}.Debug|Win32.ActiveCfg = Debug|Win32
		{BE5DA31D-EE76-A946-8D39-EDCA4ACD5B5C}.Debug|Win32.Build.0 = Debug|Win32
		{BE5DA31D-EE76-A946-8D39-EDCA4ACD5B5C}.Debug|x64.ActiveCfg = Debug|x64
		{BE5DA31D-EE76-A946-8D39-EDCA4ACD5B5C}.Debug|x64.Build.0 = Debug|x64
		{BE5DA31D-EE76-A946-8D39-EDCA4ACD5B5C}.Release|ARM.ActiveCfg = Release|Win32
		{BE5DA31D-EE76-A946-8D39-EDCA4ACD5B5C}.Release|Win32.ActiveCfg = Release|Win32
		{BE5DA31D-EE76-A946-8D39-EDCA4ACD5B5C}.Release|Win32.Build.0 = Release|Win32
		{BE5DA31D-EE76-A946-8D39-EDCA4ACD5B5C}.Release|x64.ActiveCfg = Release|x64
		{BE5DA31D-EE76-A946-8D39-EDCA4ACD5B5C}.Release|x64.Build.0 = Release|x64
		{1270AECB-B44A-9441-BCE8-ADFC8F0F925E}.Debug|ARM.ActiveCfg = Debug|Win32
		{1270AECB-B44A-9441-BCE8-ADFC8F0F925E}.Debug|Win32.ActiveCfg = Debug|Win32
		{1270AECB-B44A-9441-BCE8-ADFC8F0F925E}.Debug|Win32.Build.0 = Debug|Win32
		{1270AECB-B44A-9441-BCE8-ADFC8F0F925E}.Debug|x64.ActiveCfg = Debug|x64
		{1270AECB-B44A-9441-BCE8-ADFC8F0F925E}.Debug|x64.Build.0 = Debug|x64
		{1270AECB-B44A-9441-BCE8-ADFC8F0F925E}.Release|ARM.ActiveCfg = Release|Win32
		{1270AECB-B44A-9441-BCE8-ADFC8F0F925E}.Release|Win32.ActiveCfg = Release|Win32
		{1270AECB-B44A-9441-BCE8-ADFC8F0F925E}.Release|Win32.Build.0 = Release|Win32
		{1270AECB-B44A-9441-BCE8-ADFC8F0F925E}.Release|x64.ActiveCfg = Release|x64
		{1270AECB-B44A-9441-BCE8-ADFC8F0F925E}.Release|x64.Build.0 = Release|x64
		{022145FC-3096-6B4F-B95A-6D490E0A3EAD}.Debug|ARM.ActiveCfg = Debug|Win32
		{022145FC-3096-6B4F-B95A-6D490E0A3EAD}.Debug|Win32.ActiveCfg = Debug|Win32
		{022145FC-3096-6B4F-B95A-6D490E0A3EAD}.Debug|Win32.Build.0 = Debug|Win32
		{022145FC-3096-6B4F-B95A-6D490E0A3EAD}.Debug|x64.ActiveCfg = Debug|x64
		{022145FC-3096-6B4F-B95A-6D490E0A3EAD}.Debug|x64.Build.0 = Debug|x64
		{022145FC-3096-6B4F-B95A-6D490E0A3EAD}.Release|ARM.ActiveCfg = Release|Win32
		{022145FC-3096-6B4F-B95A-6D490E0A3EAD}.Release|Win32.ActiveCfg = Release|Win32
		{022145FC-3096-6B4F-B95A-6D490E0A3EAD}.Release|Win32.Build.0 = Release|Win32
		{022145FC-3096-6B4F-B95A-6D490E0A3EAD}.Release|x64.ActiveCfg = Release|x64
		{022145FC-3096-6B4F-B95A-6D490E0A3EAD}.Release|x64.Build.0 = Release|x64
		{EE686007-C8EE-6C44-986C-20A0D1C8AEC1}.Debug|ARM.ActiveCfg = Debug|Win32
		{EE686007-C8EE-6C44-986C-20A0D1C8AEC1}.Debug|Win32.ActiveCfg = Debug|Win32
		{EE686007-C8EE-6C44-986C-20A0D1C8AEC1}.Debug|Win32.Build.0 = Debug|Win32
		{EE686007-C8EE-6C44-986C-20A0D1C8AEC1}.Debug|x64.ActiveCfg = Debug|x64
		{EE686007-C8EE-6C44-986C-20A0D1C8AEC1}.Debug|x64.Build.0 = Debug|x64
		{EE686007-C8EE-6C44-986C-20A0D1C8AEC1}.Release|ARM.ActiveCfg = Release|Win32
		{EE686007-C8EE-6C44-986C-20A0D1C8AEC1}.Release|Win32.ActiveCfg = Release|Win32
		{EE686007-C8EE-6C44-986C-20A0D1C8AEC1}.Release|Win32.Build.0 = Release|Win32
		{EE686007-C8EE-6C44-986C-20A0D1C8AEC1}.Release|x64.ActiveCfg = Release|x64
		{EE686007-C8EE-6C44-986C-20A0D1C8AEC1}.Release|x64.Build.0 = Release|x64
		{5C27CCCD-2F86-9244-AB43-FD6BE2470BBB}.Debug|ARM.ActiveCfg = Debug|Win32
		{5C27CCCD-2F86-9244-AB43-FD6BE2470BBB}.Debug|Win32.ActiveCfg = Debug|Win32
		{5C27CCCD-2F86-9244-AB43-FD6BE2470BBB}.Debug|Win32.Build.0 = Debug|Win32
		{5C27CCCD-2F86-9244-AB43-FD6BE2470BBB}.Debug|x64.ActiveCfg = Debug|x64
		{5C27CCCD-2F86-9244-AB43-FD6BE2470BBB}.Debug|x64.Build.0 = Debug|x64
		{5C27CCCD-2F86-9244-AB43-FD6BE2470BBB}.Release|ARM.ActiveCfg = Release|Win32
		{5C27CCCD-2F86-9244-AB43-FD6BE2470BBB}.Release|Win32.ActiveCfg = Release|Win32
		{5C27CCCD-2F86-9244-AB43-FD6BE2470BBB}.Release|Win32.Build.0 = Release|Win32
		{5C27CCCD-2F86-9244-AB43-FD6BE2470BBB}.Release|x64.ActiveCfg = Release|x64
		{5C27CCCD-2F86-9244-AB43-FD6BE2470BBB}.Release|x64.Build.0 = Release|x64
		{D5610445-0F93-514E-9EDD-1A8087805458}.Debug|ARM.ActiveCfg = Debug|Win32
		{D5610445-0F93-514E-9EDD-1A8087805458}.Debug|Win32.ActiveCfg = Debug|Win32
		{D5610445-0F93-514E-9EDD-1A8087805458}.Debug|Win32.Build.0 = Debug|Win32
		{D5610445-0F93-514E-9EDD-1A8087805458}.Debug|x64.ActiveCfg = Debug|x64
		{D5610445-0F93-514E-9EDD-1A8087805458}.Debug|x64.Build.0 = Debug|x64
		{D5610445-0F93-514E-9EDD-1A8087805458}.Release|ARM.ActiveCfg = Release|Win32
		{D5610445-0F93-514E-9EDD-1A8087805458}.Release|Win32.ActiveCfg = Release|Win32
		{D5610445-0F93-514E-9EDD-1A8087805458}.Release|Win32.Build.0 = Release|Win32
		{D5610445-0F93-514E-9EDD-1A8087805458}.Release|x64.ActiveCfg = Release|x64
		{D5610445-0F93-514E-9EDD-1A8087805458}.Release|x64.Build.0 = Release|x64
		{BA3BAB8C-BA3D-7240-B810-138D54051B7F}.Debug|ARM.ActiveCfg = Debug|Win32
		{BA3BAB8C-BA3D-7240-B810-138D54051B7F}.Debug|Win32.ActiveCfg = Debug|Win32
		{BA3BAB8C-BA3D-7240-B810-138D54051B7F}.Debug|Win32.Build.0 = Debug|Win32
		{BA3BAB8C-BA3D-7240-B810-138D54051B7F}.Debug|x64.ActiveCfg = Debug|x64
		{BA3BAB8C-BA3D-7240-B810-138D54051B7F}.Debug|x64.Build.0 = Debug|x64
		{BA3BAB8C-BA3D-7240-B810-138D54051B7F}.Release|ARM.ActiveCfg = Release|Win32
		{BA3BAB8C-BA3D-7240-B810-138D54051B7F}.Release|Win32.ActiveCfg = Release|Win32
		{BA3BAB8C-BA3D-7240-B810-138D54051B7F}.Release|Win32.Build.0 = Release|Win32
		{BA3BAB8C-BA3D-7240-B810-138D54051B7F}.Release|x64.ActiveCfg = Release|x64
		{BA3BAB8C-BA3D-7240-B810-138D54051B7F}.Release|x64.Build.0 = Release|x64
		{6E00D688-62F2-7F43-A02C-439F96E5C797}.Debug|ARM.ActiveCfg = Debug|Win32
		{6E00D688-62F2-7F43-A02C-439F96E5C797}.Debug|Win32.ActiveCfg = Debug|Win32
		{6E00D688-62F2-7F43-A02C-439F96E5C797}.Debug|Win32.Build.0 = Debug|Win32
		{6E00D688-62F2-7F43-A02C-439F96E5C797}.Debug|x64.ActiveCfg = Debug|x64
		{6E00D688-62F2-7F43-A02C-439F96E5C797}.Debug|x64.Build.0 = Debug|x64
		{6E00D688-62F2-7F43-A02C-439F96E5C797}.Release|ARM.ActiveCfg = Release|Win32
		{6E00D688-62F2-7F43-A02C-439F96E5C797}.Release|Win32.ActiveCfg = Release|Win32
		{6E00D688-62F2-7F43-A02C-439F96E5C797}.Release|Win32.Build.0 = Release|Win32
		{6E00D688-62F2-7F43-A02C-439F96E5C797}.Release|x64.ActiveCfg = Release|x64
		{6E00D688-62F2-7F43-A02C-439F96E5C797}.Release|x64.Build.0 = Release|x64
		{5875B648-7F74-0448-BD4D-6B178004288F}.Debug|ARM.ActiveCfg = Debug|Win32
		{5875B648-7F74-0448-BD4D-6B178004288F}.Debug|Win32.ActiveCfg = Debug|Win32
		{5875B648-7F74-0448-BD4D-6B178004288F}.Debug|Win32.Build.0 = Debug|Win32
		{5875B648-7F74-0448-BD4D-6B178004288F}.Debug|x64.ActiveCfg = Debug|x64
		{5875B648-7F74-0448-BD4D-6B178004288F}.Debug|x64.Build.0 = Debug|x64
		{5875B648-7F74-0448-BD4D-6B178004288F}.Release|ARM.ActiveCfg = Release|Win32
		{5875B648-7F74-0448-BD4D-6B178004288F}.Release|Win32.ActiveCfg = Release|Win32
		{5875B648-7F74-0448-BD4D-6B178004288F}.Release|Win32.Build.0 = Release|Win32
		{5875B648-7F74-0448-BD4D-6B178004288F}.Release|x64.ActiveCfg = Release|x64
		{5875B648-7F74-0448-BD4D-6B178004288F}.Release|x64.Build.0 = Release|x64
		{2F4CDCE5-DEEE-9F4A-9C36-67D513A4C6F0}.Debug|ARM.ActiveCfg = Debug|Win32
		{2F4CDCE5-DEEE-9F4A-9C36-67D513A4C6F0}.Debug|Win32.ActiveCfg = Debug|Win32
		{2F4CDCE5-DEEE-9F4A-9C36-67D513A4C6F0}.Debug|Win32.Build.0 = Debug|Win32
		{2F4CDCE5-DEEE-9F4A-9C36-67D513A4C6F0}.Debug|x64.ActiveCfg = Debug|x64
		{2F4CDCE5-DEEE-9F4A-9C36-67D513A4C6F0}.Debug|x64.Build.0 = Debug|x64
		{2F4CDCE5-DEEE-9F4A-9C36-67D513A4C6F0}.Release|ARM.ActiveCfg = Release|Win32
		{2F4CDCE5-DEEE-9F4A-9C36-67D513A4C6F0}.Release|Win32.ActiveCfg = Release|Win32
		{2F4CDCE5-DEEE-9F4A-9C36-67D513A4C6F0}.Release|Win32.Build.0 = Release|Win32
		{2F4CDCE5-DEEE-9F4A-9C36-67D513A4C6F0}.Release|x64.ActiveCfg = Release|x64
		{2F4CDCE5-DEEE-9F4A-9C36-67D513A4C6F0}.Release|x64.Build.0 = Release|x64
		{1F0858E1-3532-5846-BB5B-C09F683B6C1F}.Debug|ARM.ActiveCfg = Debug|Win32
		{1F0858E1-3532-5846-BB5B-C09F683B6C1F}.Debug|Win32.ActiveCfg = Debug|Win32
		{1F0858E1-3532-5846-BB5B-C09F683B6C1F}.Debug|Win32.Build.0 = Debug|Win32
		{1F0858E1-3532-5846-BB5B-C09F683B6C1F}.Debug|x64.ActiveCfg = Debug|x64
		{1F0858E1-3532-5846-BB5B-C09F683B6C1F}.Debug|x64.Build.0 = Debug|x64
		{1F0858E1-3532-5846-BB5B-C09F683B6C1F}.Release|ARM.ActiveCfg = Release|Win32
		{1F0858E1-3532-5846-BB5B-C09F683B6C1F}.Release|Win32.ActiveCfg = Release|Win32
		{1F0858E1-3532-5846-BB5B-C09F683B6C1F}.Release|Win32.Build.0 = Release|Win32
		{1F0858E1-3532-5846-BB5B-C09F683B6C1F}.Release|x64.ActiveCfg = Release|x64
		{1F0858E1-3532-5846-BB5B-C09F683B6C1F}.Release|x64.Build.0 = Release|x64
		{3B7EDEC2-7746-6C46-A0A6-507A515263B9}.Debug|ARM.ActiveCfg = Debug|Win32
		{3B7EDEC2-7746-6C46-A0A6-507A515263B9}.Debug|Win32.ActiveCfg = Debug|Win32
		{3B7EDEC2-7746-6C46-A0A6-507A515263B9}.Debug|Win32.Build.0 = Debug|Win32
		{3B7EDEC2-7746-6C46-A0A6-507A515263B9}.Debug|x64.ActiveCfg = Debug|x64
		{3B7EDEC2-7746-6C46-A0A6-507A515263B9}.Debug|x64.Build.0 = Debug|x64
		{3B7EDEC2-7746-6C46-A0A6-507A515263B9}.Release|ARM.ActiveCfg = Release|Win32
		{3B7EDEC2-7746-6C46-A0A6-507A515263B9}.Release|Win32.ActiveCfg = Release|Win32
		{3B7EDEC2-7746-6C46-A0A6-507A515263B9}.Release|Win32.Build.0 = Release|Win32
		{3B7EDEC2-7746-6C46-A0A6-507A515263B9}.Release|x64.ActiveCfg = Release|x64
		{3B7EDEC2-7746-6C46-A0A6-507A515263B9}.Release|x64.Build.0 = Release|x64
		{DF52BE91-8B48-9E46-B834-5B7476AF3DE9}.Debug|ARM.ActiveCfg = Debug|Win32
		{DF52BE91-8B48-9E46-B834-5B7476AF3DE9}.Debug|Win32.ActiveCfg = Debug|Win32
		{DF52BE91-8B48-9E46-B834-5B7476AF3DE9}.Debug|Win32.Build.0 = Debug|Win32
		{DF52BE91-8B48-9E46-B834-5B7476AF3DE9}.Debug|x64.ActiveCfg = Debug|x64
		{DF52BE91-8B48-9E46-B834-5B7476AF3DE9}.Debug|x64.Build.0 = Debug|x64
		{DF52BE91-8B48-9E46-B834-5B7476AF3DE9}.Release|ARM.ActiveCfg = Release|Win32
		{DF52BE91-8B48-9E46-B834-5B7476AF3DE9}.Release|Win32.ActiveCfg = Release|Win32
		{DF52BE91-8B48-9E46-B834-5B7476AF3DE9}.Release|Win32.Build.0 = Release|Win32
		{DF52BE91-8B48-9E46-B834-5B7476AF3DE9}.Release|x64.ActiveCfg = Release|x64
		{DF52BE91-8B48-9E46-B834-5B7476AF3DE9}.Release|x64.Build.0 = Release|x64
		{16A13289-C208-4CD7-A27E-ECDBC95298C8}.Debug|ARM.ActiveCfg = Debug|Win32
		{16A13289-C208-4CD7-A27E-ECDBC95298C8}.Debug|Win32.ActiveCfg = Debug|Win32
		{16A13289-C208-4CD7-A27E-ECDBC95298C8}.Debug|Win32.Build.0 = Debug|Win32
		{16A13289-C208-4CD7-A27E-ECDBC95298C8}.Debug|x64.ActiveCfg = Debug|Win32
		{16A13289-C208-4CD7-A27E-ECDBC95298C8}.Release|ARM.ActiveCfg = Release|Win32
		{16A13289-C208-4CD7-A27E-ECDBC95298C8}.Release|Win32.ActiveCfg = Release|Win32
		{16A13289-C208-4CD7-A27E-ECDBC95298C8}.Release|Win32.Build.0 = Release|Win32
		{16A13289-C208-4CD7-A27E-ECDBC95298C8}.Release|x64.ActiveCfg = Release|Win32
		{4CA0B899-823F-4E12-94AF-16587E29794B}.Debug|ARM.ActiveCfg = Debug|Win32
		{4CA0B899-823F-4E12-94AF-16587E29794B}.Debug|Win32.ActiveCfg = Debug|Win32
		{4CA0B899-823F-4E12-94AF-16587E29794B}.Debug|Win32.Build.0 = Debug|Win32
		{4CA0B899-823F-4E12-94AF-16587E29794B}.Debug|x64.ActiveCfg = Debug|Win32
		{4CA0B899-823F-4E12-94AF-16587E29794B}.Release|ARM.ActiveCfg = Release|Win32
		{4CA0B899-823F-4E12-94AF-16587E29794B}.Release|Win32.ActiveCfg = Release|Win32
		{4CA0B899-823F-4E12-94AF-16587E29794B}.Release|Win32.Build.0 = Release|Win32
		{4CA0B899-823F-4E12-94AF-16587E29794B}.Release|x64.ActiveCfg = Release|Win32
		{330EF1A9-2EDD-4B7B-9CC2-D4649C06CD07}.Debug|ARM.ActiveCfg = Debug|Win32
		{330EF1A9-2EDD-4B7B-9CC2-D4649C06CD07}.Debug|Win32.ActiveCfg = Debug|Win32
		{330EF1A9-2EDD-4B7B-9CC2-D4649C06CD07}.Debug|Win32.Build.0 = Debug|Win32
		{330EF1A9-2EDD-4B7B-9CC2-D4649C06CD07}.Debug|x64.ActiveCfg = Debug|Win32
		{330EF1A9-2EDD-4B7B-9CC2-D4649C06CD07}.Release|ARM.ActiveCfg = Release|Win32
		{330EF1A9-2EDD-4B7B-9CC2-D4649C06CD07}.Release|Win32.ActiveCfg = Release|Win32
		{330EF1A9-2EDD-4B7B-9CC2-D4649C06CD07}.Release|Win32.Build.0 = Release|Win32
		{330EF1A9-2EDD-4B7B-9CC2-D4649C06CD07}.Release|x64.ActiveCfg = Release|Win32
		{F980DB0A-731F-4D09-B0AD-4278A7DBE3B4}.Debug|ARM.ActiveCfg = Debug|Win32
		{F980DB0A-731F-4D09-B0AD-4278A7DBE3B4}.Debug|Win32.ActiveCfg = Debug|Win32
		{F980DB0A-731F-4D09-B0AD-4278A7DBE3B4}.Debug|Win32.Build.0 = Debug|Win32
		{F980DB0A-731F-4D09-B0AD-4278A7DBE3B4}.Debug|x64.ActiveCfg = Debug|x64
		{F980DB0A-731F-4D09-B0AD-4278A7DBE3B4}.Debug|x64.Build.0 = Debug|x64
		{F980DB0A-731F-4D09-B0AD-4278A7DBE3B4}.Release|ARM.ActiveCfg = Release|Win32
		{F980DB0A-731F-4D09-B0AD-4278A7DBE3B4}.Release|Win32.ActiveCfg = Release|Win32
		{F980DB0A-731F-4D09-B0AD-4278A7DBE3B4}.Release|Win32.Build.0 = Release|Win32
		{F980DB0A-731F-4D09-B0AD-4278A7DBE3B4}.Release|x64.ActiveCfg = Release|x64
		{F980DB0A-731F-4D09-B0AD-4278A7DBE3B4}.Release|x64.Build.0 = Release|x64
		{639ADFA7-096C-42D8-875D-F294B74EAA2F}.Debug|ARM.ActiveCfg = Debug|Win32
		{639ADFA7-096C-42D8-875D-F294B74EAA2F}.Debug|Win32.ActiveCfg = Debug|Win32
		{639ADFA7-096C-42D8-875D-F294B74EAA2F}.Debug|Win32.Build.0 = Debug|Win32
		{639ADFA7-096C-42D8-875D-F294B74EAA2F}.Debug|x64.ActiveCfg = Debug|x64
		{639ADFA7-096C-42D8-875D-F294B74EAA2F}.Debug|x64.Build.0 = Debug|x64
		{639ADFA7-096C-42D8-875D-F294B74EAA2F}.Release|ARM.ActiveCfg = Release|Win32
		{639ADFA7-096C-42D8-875D-F294B74EAA2F}.Release|Win32.ActiveCfg = Release|Win32
		{639ADFA7-096C-42D8-875D-F294B74EAA2F}.Release|Win32.Build.0 = Release|Win32
		{639ADFA7-096C-42D8-875D-F294B74EAA2F}.Release|x64.ActiveCfg = Release|x64
		{639ADFA7-096C-42D8-875D-F294B74EAA2F}.Release|x64.Build.0 = Release|x64
	EndGlobalSection
	GlobalSection(SolutionProperties) = preSolution
		HideSolutionNode = FALSE
	EndGlobalSection
EndGlobal
